
Microsoft Visual Studio Solution File, Format Version 12.00
# Visual Studio Version 17
VisualStudioVersion = 17.4.33213.308
MinimumVisualStudioVersion = 10.0.40219.1
Project("{2150E333-8FDC-42A3-9474-1A3956D46DE8}") = "Solution Items", "Solution Items", "{FFB109DC-DF36-45BF-B0D7-91A03E15A782}"
	ProjectSection(SolutionItems) = preProject
		..\.github\workflows\EA-plugin-inetgration-dev-build.yml = ..\.github\workflows\EA-plugin-inetgration-dev-build.yml
	EndProjectSection
EndProject
Project("{2150E333-8FDC-42A3-9474-1A3956D46DE8}") = "8_DataModels", "8_DataModels", "{78BEE850-C9DB-4D83-B9D9-742DFD3D56A4}"
EndProject
Project("{2150E333-8FDC-42A3-9474-1A3956D46DE8}") = "7_DataAccess", "7_DataAccess", "{6DBBAD22-6A4E-4F83-9AFD-1B151293C344}"
EndProject
Project("{2150E333-8FDC-42A3-9474-1A3956D46DE8}") = "6_DataProviders", "6_DataProviders", "{4A964B77-FF8B-43CD-8174-CD424C2E9A61}"
EndProject
Project("{2150E333-8FDC-42A3-9474-1A3956D46DE8}") = "5_ViewModels", "5_ViewModels", "{CABF5FDE-178C-44AC-9AE0-6A84E377DCB1}"
EndProject
Project("{2150E333-8FDC-42A3-9474-1A3956D46DE8}") = "3_DataIntegrators", "3_DataIntegrators", "{42EF12CE-33D4-4B62-A721-F182EEAFF53E}"
EndProject
Project("{2150E333-8FDC-42A3-9474-1A3956D46DE8}") = "1_Apps", "1_Apps", "{DE34CA0E-97E9-40AC-A7D7-C243BF447250}"
EndProject
Project("{9A19103F-16F7-4668-BE54-9A1E7A4F7556}") = "MDD4All.SpecIF.DataModels-dev", "MDD4All.SpecIF.DataModels\src\MDD4All.SpecIF.DataModels\MDD4All.SpecIF.DataModels-dev.csproj", "{5EE9E03B-4B21-481F-AC18-9CA35F6FB277}"
EndProject
Project("{9A19103F-16F7-4668-BE54-9A1E7A4F7556}") = "MDD4All.Jira.DataModels-dev", "MDD4All.Jira.DataModels\src\MDD4All.Jira.DataModels\MDD4All.Jira.DataModels-dev.csproj", "{094CAD2B-65C2-4235-BDF1-00212B55007E}"
EndProject
Project("{9A19103F-16F7-4668-BE54-9A1E7A4F7556}") = "MDD4All.SpecIF.DataProvider.Contracts-dev", "MDD4All.SpecIF.DataProvider.Contracts\src\MDD4All.SpecIF.DataProvider.Contracts\MDD4All.SpecIF.DataProvider.Contracts-dev.csproj", "{D1DEACC5-ADF5-4C03-9094-5FDAA83AC286}"
EndProject
Project("{9A19103F-16F7-4668-BE54-9A1E7A4F7556}") = "MDD4All.SpecIF.DataProvider.EA-dev", "MDD4All.SpecIF.DataProvider.EA\src\MDD4All.SpecIF.DataProvider.EA\MDD4All.SpecIF.DataProvider.EA-dev.csproj", "{0F398E9D-DFEC-42BE-996E-6704562FCCB7}"
EndProject
Project("{9A19103F-16F7-4668-BE54-9A1E7A4F7556}") = "MDD4All.SpecIF.DataProvider.File-dev", "MDD4All.SpecIF.DataProvider.File\src\MDD4All.SpecIF.DataProvider.File\MDD4All.SpecIF.DataProvider.File-dev.csproj", "{A936F477-B5D8-4A30-9BB8-61E3E0F21454}"
EndProject
Project("{9A19103F-16F7-4668-BE54-9A1E7A4F7556}") = "MDD4All.SpecIF.DataModels.Manipulation-dev", "MDD4All.SpecIF.DataModels.Manipulation\src\MDD4All.SpecIF.DataModels.Manipulation\MDD4All.SpecIF.DataModels.Manipulation-dev.csproj", "{57B3395A-8BFE-4D32-88B5-7BE3C685AE90}"
EndProject
Project("{9A19103F-16F7-4668-BE54-9A1E7A4F7556}") = "MDD4All.SpecIF.DataProvider.Jira-dev", "MDD4All.SpecIF.DataProvider.Jira\src\MDD4All.SpecIF.DataProvider.Jira\MDD4All.SpecIF.DataProvider.Jira-dev.csproj", "{E6F30B8E-2831-4BEC-9B6F-931E045873B9}"
EndProject
Project("{9A19103F-16F7-4668-BE54-9A1E7A4F7556}") = "MDD4All.Jira.DataAccess-dev", "MDD4All.Jira.DataAccess\src\MDD4All.Jira.DataAccess\MDD4All.Jira.DataAccess-dev.csproj", "{21891887-0A73-4BC6-AFB9-7A2D918D0580}"
EndProject
Project("{9A19103F-16F7-4668-BE54-9A1E7A4F7556}") = "MDD4All.SpecIF.DataIntegrator.Contracts-dev", "MDD4All.SpecIF.DataIntegrator.Contracts\src\MDD4All.SpecIF.DataIntegrator.Contracts\MDD4All.SpecIF.DataIntegrator.Contracts-dev.csproj", "{D7D9A500-521E-4F39-8C9A-9E0447C9A42B}"
EndProject
Project("{9A19103F-16F7-4668-BE54-9A1E7A4F7556}") = "MDD4All.SpecIF.DataIntegrator.EA-dev", "MDD4All.SpecIF.DataIntegrator.EA\src\MDD4All.SpecIF.DataIntegrator.EA\MDD4All.SpecIF.DataIntegrator.EA-dev.csproj", "{256EEC16-D1C0-4427-8A27-7502E042DEA0}"
EndProject
Project("{9A19103F-16F7-4668-BE54-9A1E7A4F7556}") = "MDD4All.SpecIF.DataFactory-dev", "MDD4All.SpecIF.DataFactory\src\MDD4All.SpecIF.DataFactory\MDD4All.SpecIF.DataFactory-dev.csproj", "{A51BCD6A-0F74-4E52-9FC4-31D05FC04F38}"
EndProject
Project("{2150E333-8FDC-42A3-9474-1A3956D46DE8}") = "9_Common", "9_Common", "{50F0630D-51E0-4CE3-ABD6-038B753B0383}"
EndProject
Project("{9A19103F-16F7-4668-BE54-9A1E7A4F7556}") = "MDD4All.Configuration", "MDD4All.Configuration\src\MDD4All.Configuration\MDD4All.Configuration.csproj", "{4157CCCF-0562-438E-BD1E-5F02562EB88E}"
EndProject
Project("{2150E333-8FDC-42A3-9474-1A3956D46DE8}") = "4_Components", "4_Components", "{0BEBEF69-33CF-4EFE-A331-DB8D585A57C9}"
EndProject
Project("{9A19103F-16F7-4668-BE54-9A1E7A4F7556}") = "MDD4All.EnterpriseArchitect.SvgGenerator-dev", "MDD4All.EnterpriseArchitect.SvgGenerator\src\MDD4All.EnterpriseArchitect.SvgGenerator\MDD4All.EnterpriseArchitect.SvgGenerator-dev.csproj", "{0C716BB4-F2CE-43F2-BDFB-38FF185F78BD}"
EndProject
Project("{9A19103F-16F7-4668-BE54-9A1E7A4F7556}") = "MDD4All.SpecIF.Converters.Jira-dev", "MDD4All.SpecIF.Converters.Jira\src\MDD4All.SpecIF.Converters.Jira\MDD4All.SpecIF.Converters.Jira-dev.csproj", "{423C0313-BAB4-4B29-9912-F05F00697159}"
EndProject
Project("{FAE04EC0-301F-11D3-BF4B-00C04F79EFBC}") = "MDD4All.SpecIF.Apps.EaPlugin-dev", "MDD4All.SpecIF.Apps.EaPlugin\src\MDD4All.SpecIF.Apps.EaPlugin-dev\MDD4All.SpecIF.Apps.EaPlugin-dev.csproj", "{C8C1DC9D-389A-4FCF-A932-E2E355A0AD04}"
EndProject
Project("{FAE04EC0-301F-11D3-BF4B-00C04F79EFBC}") = "MDD4All.Configuration.Views-dev", "MDD4All.Configuration.Views\src\MDD4All.Configuration.Views\MDD4All.Configuration.Views-dev.csproj", "{49D188E4-DA77-408D-A618-B4467CD3C4BD}"
EndProject
Global
	GlobalSection(SolutionConfigurationPlatforms) = preSolution
		Debug|Any CPU = Debug|Any CPU
		Debug|x86 = Debug|x86
		Release|Any CPU = Release|Any CPU
		Release|x86 = Release|x86
	EndGlobalSection
	GlobalSection(ProjectConfigurationPlatforms) = postSolution
		{5EE9E03B-4B21-481F-AC18-9CA35F6FB277}.Debug|Any CPU.ActiveCfg = Debug|Any CPU
		{5EE9E03B-4B21-481F-AC18-9CA35F6FB277}.Debug|Any CPU.Build.0 = Debug|Any CPU
		{5EE9E03B-4B21-481F-AC18-9CA35F6FB277}.Debug|x86.ActiveCfg = Debug|Any CPU
		{5EE9E03B-4B21-481F-AC18-9CA35F6FB277}.Debug|x86.Build.0 = Debug|Any CPU
		{5EE9E03B-4B21-481F-AC18-9CA35F6FB277}.Release|Any CPU.ActiveCfg = Release|Any CPU
		{5EE9E03B-4B21-481F-AC18-9CA35F6FB277}.Release|Any CPU.Build.0 = Release|Any CPU
		{5EE9E03B-4B21-481F-AC18-9CA35F6FB277}.Release|x86.ActiveCfg = Release|Any CPU
		{5EE9E03B-4B21-481F-AC18-9CA35F6FB277}.Release|x86.Build.0 = Release|Any CPU
		{094CAD2B-65C2-4235-BDF1-00212B55007E}.Debug|Any CPU.ActiveCfg = Debug|Any CPU
		{094CAD2B-65C2-4235-BDF1-00212B55007E}.Debug|Any CPU.Build.0 = Debug|Any CPU
		{094CAD2B-65C2-4235-BDF1-00212B55007E}.Debug|x86.ActiveCfg = Debug|Any CPU
		{094CAD2B-65C2-4235-BDF1-00212B55007E}.Debug|x86.Build.0 = Debug|Any CPU
		{094CAD2B-65C2-4235-BDF1-00212B55007E}.Release|Any CPU.ActiveCfg = Release|Any CPU
		{094CAD2B-65C2-4235-BDF1-00212B55007E}.Release|Any CPU.Build.0 = Release|Any CPU
		{094CAD2B-65C2-4235-BDF1-00212B55007E}.Release|x86.ActiveCfg = Release|Any CPU
		{094CAD2B-65C2-4235-BDF1-00212B55007E}.Release|x86.Build.0 = Release|Any CPU
		{D1DEACC5-ADF5-4C03-9094-5FDAA83AC286}.Debug|Any CPU.ActiveCfg = Debug|Any CPU
		{D1DEACC5-ADF5-4C03-9094-5FDAA83AC286}.Debug|Any CPU.Build.0 = Debug|Any CPU
		{D1DEACC5-ADF5-4C03-9094-5FDAA83AC286}.Debug|x86.ActiveCfg = Debug|Any CPU
		{D1DEACC5-ADF5-4C03-9094-5FDAA83AC286}.Debug|x86.Build.0 = Debug|Any CPU
		{D1DEACC5-ADF5-4C03-9094-5FDAA83AC286}.Release|Any CPU.ActiveCfg = Release|Any CPU
		{D1DEACC5-ADF5-4C03-9094-5FDAA83AC286}.Release|Any CPU.Build.0 = Release|Any CPU
		{D1DEACC5-ADF5-4C03-9094-5FDAA83AC286}.Release|x86.ActiveCfg = Release|Any CPU
		{D1DEACC5-ADF5-4C03-9094-5FDAA83AC286}.Release|x86.Build.0 = Release|Any CPU
		{0F398E9D-DFEC-42BE-996E-6704562FCCB7}.Debug|Any CPU.ActiveCfg = Debug|Any CPU
		{0F398E9D-DFEC-42BE-996E-6704562FCCB7}.Debug|Any CPU.Build.0 = Debug|Any CPU
		{0F398E9D-DFEC-42BE-996E-6704562FCCB7}.Debug|x86.ActiveCfg = Debug|Any CPU
		{0F398E9D-DFEC-42BE-996E-6704562FCCB7}.Debug|x86.Build.0 = Debug|Any CPU
		{0F398E9D-DFEC-42BE-996E-6704562FCCB7}.Release|Any CPU.ActiveCfg = Release|Any CPU
		{0F398E9D-DFEC-42BE-996E-6704562FCCB7}.Release|Any CPU.Build.0 = Release|Any CPU
		{0F398E9D-DFEC-42BE-996E-6704562FCCB7}.Release|x86.ActiveCfg = Release|Any CPU
		{0F398E9D-DFEC-42BE-996E-6704562FCCB7}.Release|x86.Build.0 = Release|Any CPU
		{A936F477-B5D8-4A30-9BB8-61E3E0F21454}.Debug|Any CPU.ActiveCfg = Debug|Any CPU
		{A936F477-B5D8-4A30-9BB8-61E3E0F21454}.Debug|Any CPU.Build.0 = Debug|Any CPU
		{A936F477-B5D8-4A30-9BB8-61E3E0F21454}.Debug|x86.ActiveCfg = Debug|x86
		{A936F477-B5D8-4A30-9BB8-61E3E0F21454}.Debug|x86.Build.0 = Debug|x86
		{A936F477-B5D8-4A30-9BB8-61E3E0F21454}.Release|Any CPU.ActiveCfg = Release|Any CPU
		{A936F477-B5D8-4A30-9BB8-61E3E0F21454}.Release|Any CPU.Build.0 = Release|Any CPU
		{A936F477-B5D8-4A30-9BB8-61E3E0F21454}.Release|x86.ActiveCfg = Release|x86
		{A936F477-B5D8-4A30-9BB8-61E3E0F21454}.Release|x86.Build.0 = Release|x86
		{57B3395A-8BFE-4D32-88B5-7BE3C685AE90}.Debug|Any CPU.ActiveCfg = Debug|Any CPU
		{57B3395A-8BFE-4D32-88B5-7BE3C685AE90}.Debug|Any CPU.Build.0 = Debug|Any CPU
		{57B3395A-8BFE-4D32-88B5-7BE3C685AE90}.Debug|x86.ActiveCfg = Debug|x86
		{57B3395A-8BFE-4D32-88B5-7BE3C685AE90}.Debug|x86.Build.0 = Debug|x86
		{57B3395A-8BFE-4D32-88B5-7BE3C685AE90}.Release|Any CPU.ActiveCfg = Release|Any CPU
		{57B3395A-8BFE-4D32-88B5-7BE3C685AE90}.Release|Any CPU.Build.0 = Release|Any CPU
		{57B3395A-8BFE-4D32-88B5-7BE3C685AE90}.Release|x86.ActiveCfg = Release|x86
		{57B3395A-8BFE-4D32-88B5-7BE3C685AE90}.Release|x86.Build.0 = Release|x86
		{E6F30B8E-2831-4BEC-9B6F-931E045873B9}.Debug|Any CPU.ActiveCfg = Debug|Any CPU
		{E6F30B8E-2831-4BEC-9B6F-931E045873B9}.Debug|Any CPU.Build.0 = Debug|Any CPU
		{E6F30B8E-2831-4BEC-9B6F-931E045873B9}.Debug|x86.ActiveCfg = Debug|Any CPU
		{E6F30B8E-2831-4BEC-9B6F-931E045873B9}.Debug|x86.Build.0 = Debug|Any CPU
		{E6F30B8E-2831-4BEC-9B6F-931E045873B9}.Release|Any CPU.ActiveCfg = Release|Any CPU
		{E6F30B8E-2831-4BEC-9B6F-931E045873B9}.Release|Any CPU.Build.0 = Release|Any CPU
		{E6F30B8E-2831-4BEC-9B6F-931E045873B9}.Release|x86.ActiveCfg = Release|Any CPU
		{E6F30B8E-2831-4BEC-9B6F-931E045873B9}.Release|x86.Build.0 = Release|Any CPU
		{21891887-0A73-4BC6-AFB9-7A2D918D0580}.Debug|Any CPU.ActiveCfg = Debug|Any CPU
		{21891887-0A73-4BC6-AFB9-7A2D918D0580}.Debug|Any CPU.Build.0 = Debug|Any CPU
		{21891887-0A73-4BC6-AFB9-7A2D918D0580}.Debug|x86.ActiveCfg = Debug|Any CPU
		{21891887-0A73-4BC6-AFB9-7A2D918D0580}.Debug|x86.Build.0 = Debug|Any CPU
		{21891887-0A73-4BC6-AFB9-7A2D918D0580}.Release|Any CPU.ActiveCfg = Release|Any CPU
		{21891887-0A73-4BC6-AFB9-7A2D918D0580}.Release|Any CPU.Build.0 = Release|Any CPU
		{21891887-0A73-4BC6-AFB9-7A2D918D0580}.Release|x86.ActiveCfg = Release|Any CPU
		{21891887-0A73-4BC6-AFB9-7A2D918D0580}.Release|x86.Build.0 = Release|Any CPU
		{D7D9A500-521E-4F39-8C9A-9E0447C9A42B}.Debug|Any CPU.ActiveCfg = Debug|Any CPU
		{D7D9A500-521E-4F39-8C9A-9E0447C9A42B}.Debug|Any CPU.Build.0 = Debug|Any CPU
		{D7D9A500-521E-4F39-8C9A-9E0447C9A42B}.Debug|x86.ActiveCfg = Debug|Any CPU
		{D7D9A500-521E-4F39-8C9A-9E0447C9A42B}.Debug|x86.Build.0 = Debug|Any CPU
		{D7D9A500-521E-4F39-8C9A-9E0447C9A42B}.Release|Any CPU.ActiveCfg = Release|Any CPU
		{D7D9A500-521E-4F39-8C9A-9E0447C9A42B}.Release|Any CPU.Build.0 = Release|Any CPU
		{D7D9A500-521E-4F39-8C9A-9E0447C9A42B}.Release|x86.ActiveCfg = Release|Any CPU
		{D7D9A500-521E-4F39-8C9A-9E0447C9A42B}.Release|x86.Build.0 = Release|Any CPU
		{256EEC16-D1C0-4427-8A27-7502E042DEA0}.Debug|Any CPU.ActiveCfg = Debug|Any CPU
		{256EEC16-D1C0-4427-8A27-7502E042DEA0}.Debug|Any CPU.Build.0 = Debug|Any CPU
		{256EEC16-D1C0-4427-8A27-7502E042DEA0}.Debug|x86.ActiveCfg = Debug|Any CPU
		{256EEC16-D1C0-4427-8A27-7502E042DEA0}.Debug|x86.Build.0 = Debug|Any CPU
		{256EEC16-D1C0-4427-8A27-7502E042DEA0}.Release|Any CPU.ActiveCfg = Release|Any CPU
		{256EEC16-D1C0-4427-8A27-7502E042DEA0}.Release|Any CPU.Build.0 = Release|Any CPU
		{256EEC16-D1C0-4427-8A27-7502E042DEA0}.Release|x86.ActiveCfg = Release|Any CPU
		{256EEC16-D1C0-4427-8A27-7502E042DEA0}.Release|x86.Build.0 = Release|Any CPU
		{A51BCD6A-0F74-4E52-9FC4-31D05FC04F38}.Debug|Any CPU.ActiveCfg = Debug|Any CPU
		{A51BCD6A-0F74-4E52-9FC4-31D05FC04F38}.Debug|Any CPU.Build.0 = Debug|Any CPU
		{A51BCD6A-0F74-4E52-9FC4-31D05FC04F38}.Debug|x86.ActiveCfg = Debug|Any CPU
		{A51BCD6A-0F74-4E52-9FC4-31D05FC04F38}.Debug|x86.Build.0 = Debug|Any CPU
		{A51BCD6A-0F74-4E52-9FC4-31D05FC04F38}.Release|Any CPU.ActiveCfg = Release|Any CPU
		{A51BCD6A-0F74-4E52-9FC4-31D05FC04F38}.Release|Any CPU.Build.0 = Release|Any CPU
		{A51BCD6A-0F74-4E52-9FC4-31D05FC04F38}.Release|x86.ActiveCfg = Release|Any CPU
		{A51BCD6A-0F74-4E52-9FC4-31D05FC04F38}.Release|x86.Build.0 = Release|Any CPU
		{4157CCCF-0562-438E-BD1E-5F02562EB88E}.Debug|Any CPU.ActiveCfg = Debug|Any CPU
		{4157CCCF-0562-438E-BD1E-5F02562EB88E}.Debug|Any CPU.Build.0 = Debug|Any CPU
		{4157CCCF-0562-438E-BD1E-5F02562EB88E}.Debug|x86.ActiveCfg = Debug|Any CPU
		{4157CCCF-0562-438E-BD1E-5F02562EB88E}.Debug|x86.Build.0 = Debug|Any CPU
		{4157CCCF-0562-438E-BD1E-5F02562EB88E}.Release|Any CPU.ActiveCfg = Release|Any CPU
		{4157CCCF-0562-438E-BD1E-5F02562EB88E}.Release|Any CPU.Build.0 = Release|Any CPU
		{4157CCCF-0562-438E-BD1E-5F02562EB88E}.Release|x86.ActiveCfg = Release|Any CPU
		{4157CCCF-0562-438E-BD1E-5F02562EB88E}.Release|x86.Build.0 = Release|Any CPU
		{0C716BB4-F2CE-43F2-BDFB-38FF185F78BD}.Debug|Any CPU.ActiveCfg = Debug|Any CPU
		{0C716BB4-F2CE-43F2-BDFB-38FF185F78BD}.Debug|Any CPU.Build.0 = Debug|Any CPU
		{0C716BB4-F2CE-43F2-BDFB-38FF185F78BD}.Debug|x86.ActiveCfg = Debug|Any CPU
		{0C716BB4-F2CE-43F2-BDFB-38FF185F78BD}.Debug|x86.Build.0 = Debug|Any CPU
		{0C716BB4-F2CE-43F2-BDFB-38FF185F78BD}.Release|Any CPU.ActiveCfg = Release|Any CPU
		{0C716BB4-F2CE-43F2-BDFB-38FF185F78BD}.Release|Any CPU.Build.0 = Release|Any CPU
		{0C716BB4-F2CE-43F2-BDFB-38FF185F78BD}.Release|x86.ActiveCfg = Release|Any CPU
		{0C716BB4-F2CE-43F2-BDFB-38FF185F78BD}.Release|x86.Build.0 = Release|Any CPU
		{423C0313-BAB4-4B29-9912-F05F00697159}.Debug|Any CPU.ActiveCfg = Debug|Any CPU
		{423C0313-BAB4-4B29-9912-F05F00697159}.Debug|Any CPU.Build.0 = Debug|Any CPU
		{423C0313-BAB4-4B29-9912-F05F00697159}.Debug|x86.ActiveCfg = Debug|Any CPU
		{423C0313-BAB4-4B29-9912-F05F00697159}.Debug|x86.Build.0 = Debug|Any CPU
		{423C0313-BAB4-4B29-9912-F05F00697159}.Release|Any CPU.ActiveCfg = Release|Any CPU
		{423C0313-BAB4-4B29-9912-F05F00697159}.Release|Any CPU.Build.0 = Release|Any CPU
		{423C0313-BAB4-4B29-9912-F05F00697159}.Release|x86.ActiveCfg = Release|Any CPU
		{423C0313-BAB4-4B29-9912-F05F00697159}.Release|x86.Build.0 = Release|Any CPU
		{C8C1DC9D-389A-4FCF-A932-E2E355A0AD04}.Debug|Any CPU.ActiveCfg = Debug|Any CPU
		{C8C1DC9D-389A-4FCF-A932-E2E355A0AD04}.Debug|Any CPU.Build.0 = Debug|Any CPU
		{C8C1DC9D-389A-4FCF-A932-E2E355A0AD04}.Debug|x86.ActiveCfg = Debug|Any CPU
		{C8C1DC9D-389A-4FCF-A932-E2E355A0AD04}.Debug|x86.Build.0 = Debug|Any CPU
		{C8C1DC9D-389A-4FCF-A932-E2E355A0AD04}.Release|Any CPU.ActiveCfg = Release|Any CPU
		{C8C1DC9D-389A-4FCF-A932-E2E355A0AD04}.Release|Any CPU.Build.0 = Release|Any CPU
		{C8C1DC9D-389A-4FCF-A932-E2E355A0AD04}.Release|x86.ActiveCfg = Release|Any CPU
		{C8C1DC9D-389A-4FCF-A932-E2E355A0AD04}.Release|x86.Build.0 = Release|Any CPU
		{49D188E4-DA77-408D-A618-B4467CD3C4BD}.Debug|Any CPU.ActiveCfg = Debug|Any CPU
		{49D188E4-DA77-408D-A618-B4467CD3C4BD}.Debug|Any CPU.Build.0 = Debug|Any CPU
		{49D188E4-DA77-408D-A618-B4467CD3C4BD}.Debug|x86.ActiveCfg = Debug|Any CPU
		{49D188E4-DA77-408D-A618-B4467CD3C4BD}.Debug|x86.Build.0 = Debug|Any CPU
		{49D188E4-DA77-408D-A618-B4467CD3C4BD}.Release|Any CPU.ActiveCfg = Release|Any CPU
		{49D188E4-DA77-408D-A618-B4467CD3C4BD}.Release|Any CPU.Build.0 = Release|Any CPU
		{49D188E4-DA77-408D-A618-B4467CD3C4BD}.Release|x86.ActiveCfg = Release|Any CPU
		{49D188E4-DA77-408D-A618-B4467CD3C4BD}.Release|x86.Build.0 = Release|Any CPU
	EndGlobalSection
	GlobalSection(SolutionProperties) = preSolution
		HideSolutionNode = FALSE
	EndGlobalSection
	GlobalSection(NestedProjects) = preSolution
		{5EE9E03B-4B21-481F-AC18-9CA35F6FB277} = {78BEE850-C9DB-4D83-B9D9-742DFD3D56A4}
		{094CAD2B-65C2-4235-BDF1-00212B55007E} = {78BEE850-C9DB-4D83-B9D9-742DFD3D56A4}
		{D1DEACC5-ADF5-4C03-9094-5FDAA83AC286} = {4A964B77-FF8B-43CD-8174-CD424C2E9A61}
		{0F398E9D-DFEC-42BE-996E-6704562FCCB7} = {4A964B77-FF8B-43CD-8174-CD424C2E9A61}
		{A936F477-B5D8-4A30-9BB8-61E3E0F21454} = {4A964B77-FF8B-43CD-8174-CD424C2E9A61}
		{57B3395A-8BFE-4D32-88B5-7BE3C685AE90} = {6DBBAD22-6A4E-4F83-9AFD-1B151293C344}
		{E6F30B8E-2831-4BEC-9B6F-931E045873B9} = {4A964B77-FF8B-43CD-8174-CD424C2E9A61}
		{21891887-0A73-4BC6-AFB9-7A2D918D0580} = {6DBBAD22-6A4E-4F83-9AFD-1B151293C344}
		{D7D9A500-521E-4F39-8C9A-9E0447C9A42B} = {42EF12CE-33D4-4B62-A721-F182EEAFF53E}
		{256EEC16-D1C0-4427-8A27-7502E042DEA0} = {42EF12CE-33D4-4B62-A721-F182EEAFF53E}
		{A51BCD6A-0F74-4E52-9FC4-31D05FC04F38} = {4A964B77-FF8B-43CD-8174-CD424C2E9A61}
		{4157CCCF-0562-438E-BD1E-5F02562EB88E} = {50F0630D-51E0-4CE3-ABD6-038B753B0383}
		{0C716BB4-F2CE-43F2-BDFB-38FF185F78BD} = {0BEBEF69-33CF-4EFE-A331-DB8D585A57C9}
		{423C0313-BAB4-4B29-9912-F05F00697159} = {0BEBEF69-33CF-4EFE-A331-DB8D585A57C9}
		{C8C1DC9D-389A-4FCF-A932-E2E355A0AD04} = {DE34CA0E-97E9-40AC-A7D7-C243BF447250}
		{49D188E4-DA77-408D-A618-B4467CD3C4BD} = {50F0630D-51E0-4CE3-ABD6-038B753B0383}
	EndGlobalSection
	GlobalSection(ExtensibilityGlobals) = postSolution
		SolutionGuid = {7FE7F801-DD46-4862-9131-CA9FF349BAF5}
	EndGlobalSection
EndGlobal
