
Microsoft Visual Studio Solution File, Format Version 12.00
# Visual Studio Version 17
VisualStudioVersion = 17.1.32210.238
MinimumVisualStudioVersion = 10.0.40219.1
Project("{9A19103F-16F7-4668-BE54-9A1E7A4F7556}") = "MDD4All.SpecIF.DataProvider.Contracts-dev", "MDD4All.SpecIF.DataProvider.Contracts\src\MDD4All.SpecIF.DataProvider.Contracts\MDD4All.SpecIF.DataProvider.Contracts-dev.csproj", "{877B7CF8-0631-4001-8DBF-A405F8B78A93}"
EndProject
Project("{2150E333-8FDC-42A3-9474-1A3956D46DE8}") = "2_Framework", "2_Framework", "{F0BB904A-CE33-4B39-8907-50E8C70E9CD7}"
EndProject
Project("{2150E333-8FDC-42A3-9474-1A3956D46DE8}") = "4_DataProviders", "4_DataProviders", "{706E5E75-0DF7-4212-851E-F510C2AF306A}"
EndProject
Project("{2150E333-8FDC-42A3-9474-1A3956D46DE8}") = "1_Plugins", "1_Plugins", "{40D49330-47D9-406D-BD08-D816497CF9F6}"
EndProject
Project("{9A19103F-16F7-4668-BE54-9A1E7A4F7556}") = "SpecIFicator.DefaultPlugin-dev", "SpecIFicator.DefaultPlugin\src\SpecIFicator.DefaultPlugin-dev.csproj", "{B2C991DE-2FA4-4A31-8C8D-AE3B2A1AA66C}"
EndProject
Project("{2150E333-8FDC-42A3-9474-1A3956D46DE8}") = "6_DataModels", "6_DataModels", "{6F28DF68-D50C-43FB-978E-4B24FA1B0BA9}"
EndProject
Project("{9A19103F-16F7-4668-BE54-9A1E7A4F7556}") = "MDD4All.SpecIF.DataModels-dev", "MDD4All.SpecIF.DataModels\src\MDD4All.SpecIF.DataModels\MDD4All.SpecIF.DataModels-dev.csproj", "{ED5498B8-4FAA-4BEA-9F8C-D388A1AE0C47}"
EndProject
Project("{9A19103F-16F7-4668-BE54-9A1E7A4F7556}") = "MDD4All.SpecIF.DataProvider.File-dev", "MDD4All.SpecIF.DataProvider.File\src\MDD4All.SpecIF.DataProvider.File\MDD4All.SpecIF.DataProvider.File-dev.csproj", "{434C6C7A-CE1B-4B9C-8039-206655B83300}"
EndProject
Project("{2150E333-8FDC-42A3-9474-1A3956D46DE8}") = "7_Configuration", "7_Configuration", "{4A4F08A4-93D5-4F89-B43F-239B8E0FC3E2}"
EndProject
Project("{9A19103F-16F7-4668-BE54-9A1E7A4F7556}") = "MDD4All.Configuration-dev", "MDD4All.Configuration\src\MDD4All.Configuration\MDD4All.Configuration-dev.csproj", "{C70F3373-07A8-49A3-BE03-513610F5B7BC}"
EndProject
Project("{9A19103F-16F7-4668-BE54-9A1E7A4F7556}") = "MDD4All.SpecIF.DataProvider.MongoDB-dev", "MDD4All.SpecIF.DataProvider.MongoDB\src\MDD4All.SpecIF.DataProvider.MongoDB\MDD4All.SpecIF.DataProvider.MongoDB-dev.csproj", "{6976B69F-5FEE-47C9-9776-15115F3116CC}"
EndProject
Project("{2150E333-8FDC-42A3-9474-1A3956D46DE8}") = "3_UI", "3_UI", "{CAB6BA1D-8F32-4B2A-A5F6-1B150DDA4347}"
EndProject
Project("{9A19103F-16F7-4668-BE54-9A1E7A4F7556}") = "SpecIFicator.UI.BlazorComponents-dev", "SpecIFicator.UI.BlazorComponents\src\SpecIFicator.UI.BlazorComponents\SpecIFicator.UI.BlazorComponents-dev.csproj", "{3602A8DA-3C27-4D79-980B-0E48DE45BCBD}"
EndProject
Project("{2150E333-8FDC-42A3-9474-1A3956D46DE8}") = "3.1 ViewModels", "3.1 ViewModels", "{759D58D2-528E-4CF9-AAFD-04EB2C8EC9DA}"
EndProject
Project("{9A19103F-16F7-4668-BE54-9A1E7A4F7556}") = "MDD4All.SpecIF.ViewModels-dev", "MDD4All.SpecIF.ViewModels\src\MDD4All.SpecIF.ViewModels\MDD4All.SpecIF.ViewModels-dev.csproj", "{5296FE80-5FA9-48B0-98A4-3E6EB8C2AE2C}"
EndProject
Project("{9A19103F-16F7-4668-BE54-9A1E7A4F7556}") = "MDD4All.SpecIF.DataModels.Manipulation-dev", "MDD4All.SpecIF.DataModels.Manipulation\src\MDD4All.SpecIF.DataModels.Manipulation\MDD4All.SpecIF.DataModels.Manipulation-dev.csproj", "{DD6FD4A6-6FD4-40D4-BA0C-EB294813723D}"
EndProject
Project("{9A19103F-16F7-4668-BE54-9A1E7A4F7556}") = "MDD4All.SpecIF.DataFactory-dev", "MDD4All.SpecIF.DataFactory\src\MDD4All.SpecIF.DataFactory\MDD4All.SpecIF.DataFactory-dev.csproj", "{93F04962-89C5-46E8-9B07-5AE31B547B32}"
EndProject
Project("{2150E333-8FDC-42A3-9474-1A3956D46DE8}") = "3rd Party", "3rd Party", "{99C18B1C-623C-4275-AA12-10B78030402B}"
EndProject
Project("{9A19103F-16F7-4668-BE54-9A1E7A4F7556}") = "BlazingComponents.Summernote", "Summernote\BlazingComponents.Summernote.csproj", "{080A8742-BA72-4406-98F5-5FD671E3C221}"
EndProject
Project("{9A19103F-16F7-4668-BE54-9A1E7A4F7556}") = "MDD4All.UI.BlazorComponents-dev", "MDD4All.UI.BlazorComponents\src\MDD4All.UI.BlazorComponents\MDD4All.UI.BlazorComponents-dev.csproj", "{067B98DA-DD88-4C7C-AE76-9FE142D5583D}"
EndProject
Project("{2150E333-8FDC-42A3-9474-1A3956D46DE8}") = "5_DataAccess", "5_DataAccess", "{BC87D838-929D-4E34-A578-2235B59FF2E8}"
EndProject
Project("{9A19103F-16F7-4668-BE54-9A1E7A4F7556}") = "MDD4All.MongoDB.DataAccess.Generic-dev", "MDD4All.MongoDB.DataAccess.Generic\src\MDD4All.MongoDB.DataAccess.Generic\MDD4All.MongoDB.DataAccess.Generic-dev.csproj", "{B9124A45-CB87-4179-B0C1-292FF9B22A3D}"
EndProject
Project("{9A19103F-16F7-4668-BE54-9A1E7A4F7556}") = "MDD4All.SpecIF.DataModels.RightsManagement-dev", "MDD4All.SpecIF.DataModels.RightsManagement\src\MDD4All.SpecIF.DataModels.RightsManagement\MDD4All.SpecIF.DataModels.RightsManagement-dev.csproj", "{2E635091-B650-4B46-A702-FDDAA7CD5DF3}"
EndProject
Project("{9A19103F-16F7-4668-BE54-9A1E7A4F7556}") = "MDD4All.SpecIF.DataProvider.MockupDataStream-dev", "MDD4All.SpecIF.DataProvider.MockupDataStream\src\MDD4All.SpecIF.DataProvider.MockupDataStream\MDD4All.SpecIF.DataProvider.MockupDataStream-dev.csproj", "{3048D42F-1956-4517-89B4-5ABA9D8FE8D6}"
EndProject
Project("{2150E333-8FDC-42A3-9474-1A3956D46DE8}") = "Tests", "Tests", "{3679D935-A843-4919-B666-0D073B7FE4F8}"
EndProject
Project("{9A19103F-16F7-4668-BE54-9A1E7A4F7556}") = "TreeTest", "TreeTest\TreeTest.csproj", "{00FD370C-C19C-4480-9E11-3FB2093D2E48}"
EndProject
Project("{9A19103F-16F7-4668-BE54-9A1E7A4F7556}") = "MDD4All.UI.DataModels-dev", "MDD4All.UI.DataModels\src\MDD4All.UI.DataModels\MDD4All.UI.DataModels-dev.csproj", "{EA7953DE-3E75-402A-AE5A-704A7F3F8853}"
EndProject
Project("{9A19103F-16F7-4668-BE54-9A1E7A4F7556}") = "SpecIFicator.Framework-dev", "SpecIFicator.Framework\src\SpecIFicator.Framework\SpecIFicator.Framework-dev.csproj", "{C80773B0-841A-42A1-8BC4-EC84681383B8}"
EndProject
Project("{2150E333-8FDC-42A3-9474-1A3956D46DE8}") = "Solution Items", "Solution Items", "{78539CD2-ECEE-4F3C-8BAA-3E0EF9974E37}"
	ProjectSection(SolutionItems) = preProject
		..\.github\workflows\dev-build.yml = ..\.github\workflows\dev-build.yml
	EndProjectSection
EndProject
Project("{2150E333-8FDC-42A3-9474-1A3956D46DE8}") = "0_Apps", "0_Apps", "{34ED675E-7902-4B54-8DF5-EBA694395D15}"
EndProject
Project("{9A19103F-16F7-4668-BE54-9A1E7A4F7556}") = "SpecIFicator.Apps.BlazorWPF", "SpecIFicator.Apps.BlazorWpf\src\SpecIFicator.Apps.BlazorWPF\SpecIFicator.Apps.BlazorWPF.csproj", "{07DAC003-A85C-4D87-AAD5-42E25AF3A7CC}"
EndProject
Project("{FAE04EC0-301F-11D3-BF4B-00C04F79EFBC}") = "SpecIFicator.Apps.BlazorServer", "SpecIFicator.Apps.BlazorServer\SpecIFicator.Apps.BlazorServer.csproj", "{ECBA01F2-D835-4318-887D-5A746B1B8A13}"
EndProject
Global
	GlobalSection(SolutionConfigurationPlatforms) = preSolution
		Debug|Any CPU = Debug|Any CPU
		Debug|x86 = Debug|x86
		Release|Any CPU = Release|Any CPU
		Release|x86 = Release|x86
	EndGlobalSection
	GlobalSection(ProjectConfigurationPlatforms) = postSolution
		{877B7CF8-0631-4001-8DBF-A405F8B78A93}.Debug|Any CPU.ActiveCfg = Debug|Any CPU
		{877B7CF8-0631-4001-8DBF-A405F8B78A93}.Debug|Any CPU.Build.0 = Debug|Any CPU
		{877B7CF8-0631-4001-8DBF-A405F8B78A93}.Debug|x86.ActiveCfg = Debug|Any CPU
		{877B7CF8-0631-4001-8DBF-A405F8B78A93}.Debug|x86.Build.0 = Debug|Any CPU
		{877B7CF8-0631-4001-8DBF-A405F8B78A93}.Release|Any CPU.ActiveCfg = Release|Any CPU
		{877B7CF8-0631-4001-8DBF-A405F8B78A93}.Release|Any CPU.Build.0 = Release|Any CPU
		{877B7CF8-0631-4001-8DBF-A405F8B78A93}.Release|x86.ActiveCfg = Release|Any CPU
		{877B7CF8-0631-4001-8DBF-A405F8B78A93}.Release|x86.Build.0 = Release|Any CPU
		{B2C991DE-2FA4-4A31-8C8D-AE3B2A1AA66C}.Debug|Any CPU.ActiveCfg = Debug|Any CPU
		{B2C991DE-2FA4-4A31-8C8D-AE3B2A1AA66C}.Debug|Any CPU.Build.0 = Debug|Any CPU
		{B2C991DE-2FA4-4A31-8C8D-AE3B2A1AA66C}.Debug|x86.ActiveCfg = Debug|Any CPU
		{B2C991DE-2FA4-4A31-8C8D-AE3B2A1AA66C}.Debug|x86.Build.0 = Debug|Any CPU
		{B2C991DE-2FA4-4A31-8C8D-AE3B2A1AA66C}.Release|Any CPU.ActiveCfg = Release|Any CPU
		{B2C991DE-2FA4-4A31-8C8D-AE3B2A1AA66C}.Release|Any CPU.Build.0 = Release|Any CPU
		{B2C991DE-2FA4-4A31-8C8D-AE3B2A1AA66C}.Release|x86.ActiveCfg = Release|Any CPU
		{B2C991DE-2FA4-4A31-8C8D-AE3B2A1AA66C}.Release|x86.Build.0 = Release|Any CPU
		{ED5498B8-4FAA-4BEA-9F8C-D388A1AE0C47}.Debug|Any CPU.ActiveCfg = Debug|Any CPU
		{ED5498B8-4FAA-4BEA-9F8C-D388A1AE0C47}.Debug|Any CPU.Build.0 = Debug|Any CPU
		{ED5498B8-4FAA-4BEA-9F8C-D388A1AE0C47}.Debug|x86.ActiveCfg = Debug|Any CPU
		{ED5498B8-4FAA-4BEA-9F8C-D388A1AE0C47}.Debug|x86.Build.0 = Debug|Any CPU
		{ED5498B8-4FAA-4BEA-9F8C-D388A1AE0C47}.Release|Any CPU.ActiveCfg = Release|Any CPU
		{ED5498B8-4FAA-4BEA-9F8C-D388A1AE0C47}.Release|Any CPU.Build.0 = Release|Any CPU
		{ED5498B8-4FAA-4BEA-9F8C-D388A1AE0C47}.Release|x86.ActiveCfg = Release|Any CPU
		{ED5498B8-4FAA-4BEA-9F8C-D388A1AE0C47}.Release|x86.Build.0 = Release|Any CPU
		{434C6C7A-CE1B-4B9C-8039-206655B83300}.Debug|Any CPU.ActiveCfg = Debug|Any CPU
		{434C6C7A-CE1B-4B9C-8039-206655B83300}.Debug|Any CPU.Build.0 = Debug|Any CPU
		{434C6C7A-CE1B-4B9C-8039-206655B83300}.Debug|x86.ActiveCfg = Debug|x86
		{434C6C7A-CE1B-4B9C-8039-206655B83300}.Debug|x86.Build.0 = Debug|x86
		{434C6C7A-CE1B-4B9C-8039-206655B83300}.Release|Any CPU.ActiveCfg = Release|Any CPU
		{434C6C7A-CE1B-4B9C-8039-206655B83300}.Release|Any CPU.Build.0 = Release|Any CPU
		{434C6C7A-CE1B-4B9C-8039-206655B83300}.Release|x86.ActiveCfg = Release|x86
		{434C6C7A-CE1B-4B9C-8039-206655B83300}.Release|x86.Build.0 = Release|x86
		{C70F3373-07A8-49A3-BE03-513610F5B7BC}.Debug|Any CPU.ActiveCfg = Debug|Any CPU
		{C70F3373-07A8-49A3-BE03-513610F5B7BC}.Debug|Any CPU.Build.0 = Debug|Any CPU
		{C70F3373-07A8-49A3-BE03-513610F5B7BC}.Debug|x86.ActiveCfg = Debug|Any CPU
		{C70F3373-07A8-49A3-BE03-513610F5B7BC}.Debug|x86.Build.0 = Debug|Any CPU
		{C70F3373-07A8-49A3-BE03-513610F5B7BC}.Release|Any CPU.ActiveCfg = Release|Any CPU
		{C70F3373-07A8-49A3-BE03-513610F5B7BC}.Release|Any CPU.Build.0 = Release|Any CPU
		{C70F3373-07A8-49A3-BE03-513610F5B7BC}.Release|x86.ActiveCfg = Release|Any CPU
		{C70F3373-07A8-49A3-BE03-513610F5B7BC}.Release|x86.Build.0 = Release|Any CPU
		{6976B69F-5FEE-47C9-9776-15115F3116CC}.Debug|Any CPU.ActiveCfg = Debug|Any CPU
		{6976B69F-5FEE-47C9-9776-15115F3116CC}.Debug|Any CPU.Build.0 = Debug|Any CPU
		{6976B69F-5FEE-47C9-9776-15115F3116CC}.Debug|x86.ActiveCfg = Debug|x86
		{6976B69F-5FEE-47C9-9776-15115F3116CC}.Debug|x86.Build.0 = Debug|x86
		{6976B69F-5FEE-47C9-9776-15115F3116CC}.Release|Any CPU.ActiveCfg = Release|Any CPU
		{6976B69F-5FEE-47C9-9776-15115F3116CC}.Release|Any CPU.Build.0 = Release|Any CPU
		{6976B69F-5FEE-47C9-9776-15115F3116CC}.Release|x86.ActiveCfg = Release|x86
		{6976B69F-5FEE-47C9-9776-15115F3116CC}.Release|x86.Build.0 = Release|x86
		{3602A8DA-3C27-4D79-980B-0E48DE45BCBD}.Debug|Any CPU.ActiveCfg = Debug|Any CPU
		{3602A8DA-3C27-4D79-980B-0E48DE45BCBD}.Debug|x86.ActiveCfg = Debug|Any CPU
		{3602A8DA-3C27-4D79-980B-0E48DE45BCBD}.Release|Any CPU.ActiveCfg = Release|Any CPU
		{3602A8DA-3C27-4D79-980B-0E48DE45BCBD}.Release|x86.ActiveCfg = Release|Any CPU
		{5296FE80-5FA9-48B0-98A4-3E6EB8C2AE2C}.Debug|Any CPU.ActiveCfg = Debug|Any CPU
		{5296FE80-5FA9-48B0-98A4-3E6EB8C2AE2C}.Debug|Any CPU.Build.0 = Debug|Any CPU
		{5296FE80-5FA9-48B0-98A4-3E6EB8C2AE2C}.Debug|x86.ActiveCfg = Debug|Any CPU
		{5296FE80-5FA9-48B0-98A4-3E6EB8C2AE2C}.Debug|x86.Build.0 = Debug|Any CPU
		{5296FE80-5FA9-48B0-98A4-3E6EB8C2AE2C}.Release|Any CPU.ActiveCfg = Release|Any CPU
		{5296FE80-5FA9-48B0-98A4-3E6EB8C2AE2C}.Release|Any CPU.Build.0 = Release|Any CPU
		{5296FE80-5FA9-48B0-98A4-3E6EB8C2AE2C}.Release|x86.ActiveCfg = Release|Any CPU
		{5296FE80-5FA9-48B0-98A4-3E6EB8C2AE2C}.Release|x86.Build.0 = Release|Any CPU
		{DD6FD4A6-6FD4-40D4-BA0C-EB294813723D}.Debug|Any CPU.ActiveCfg = Debug|Any CPU
		{DD6FD4A6-6FD4-40D4-BA0C-EB294813723D}.Debug|Any CPU.Build.0 = Debug|Any CPU
		{DD6FD4A6-6FD4-40D4-BA0C-EB294813723D}.Debug|x86.ActiveCfg = Debug|x86
		{DD6FD4A6-6FD4-40D4-BA0C-EB294813723D}.Debug|x86.Build.0 = Debug|x86
		{DD6FD4A6-6FD4-40D4-BA0C-EB294813723D}.Release|Any CPU.ActiveCfg = Release|Any CPU
		{DD6FD4A6-6FD4-40D4-BA0C-EB294813723D}.Release|Any CPU.Build.0 = Release|Any CPU
		{DD6FD4A6-6FD4-40D4-BA0C-EB294813723D}.Release|x86.ActiveCfg = Release|x86
		{DD6FD4A6-6FD4-40D4-BA0C-EB294813723D}.Release|x86.Build.0 = Release|x86
		{93F04962-89C5-46E8-9B07-5AE31B547B32}.Debug|Any CPU.ActiveCfg = Debug|Any CPU
		{93F04962-89C5-46E8-9B07-5AE31B547B32}.Debug|Any CPU.Build.0 = Debug|Any CPU
		{93F04962-89C5-46E8-9B07-5AE31B547B32}.Debug|x86.ActiveCfg = Debug|Any CPU
		{93F04962-89C5-46E8-9B07-5AE31B547B32}.Debug|x86.Build.0 = Debug|Any CPU
		{93F04962-89C5-46E8-9B07-5AE31B547B32}.Release|Any CPU.ActiveCfg = Release|Any CPU
		{93F04962-89C5-46E8-9B07-5AE31B547B32}.Release|Any CPU.Build.0 = Release|Any CPU
		{93F04962-89C5-46E8-9B07-5AE31B547B32}.Release|x86.ActiveCfg = Release|Any CPU
		{93F04962-89C5-46E8-9B07-5AE31B547B32}.Release|x86.Build.0 = Release|Any CPU
		{080A8742-BA72-4406-98F5-5FD671E3C221}.Debug|Any CPU.ActiveCfg = Debug|Any CPU
		{080A8742-BA72-4406-98F5-5FD671E3C221}.Debug|Any CPU.Build.0 = Debug|Any CPU
		{080A8742-BA72-4406-98F5-5FD671E3C221}.Debug|x86.ActiveCfg = Debug|Any CPU
		{080A8742-BA72-4406-98F5-5FD671E3C221}.Debug|x86.Build.0 = Debug|Any CPU
		{080A8742-BA72-4406-98F5-5FD671E3C221}.Release|Any CPU.ActiveCfg = Release|Any CPU
		{080A8742-BA72-4406-98F5-5FD671E3C221}.Release|Any CPU.Build.0 = Release|Any CPU
		{080A8742-BA72-4406-98F5-5FD671E3C221}.Release|x86.ActiveCfg = Release|Any CPU
		{080A8742-BA72-4406-98F5-5FD671E3C221}.Release|x86.Build.0 = Release|Any CPU
		{067B98DA-DD88-4C7C-AE76-9FE142D5583D}.Debug|Any CPU.ActiveCfg = Debug|Any CPU
		{067B98DA-DD88-4C7C-AE76-9FE142D5583D}.Debug|Any CPU.Build.0 = Debug|Any CPU
		{067B98DA-DD88-4C7C-AE76-9FE142D5583D}.Debug|x86.ActiveCfg = Debug|Any CPU
		{067B98DA-DD88-4C7C-AE76-9FE142D5583D}.Debug|x86.Build.0 = Debug|Any CPU
		{067B98DA-DD88-4C7C-AE76-9FE142D5583D}.Release|Any CPU.ActiveCfg = Release|Any CPU
		{067B98DA-DD88-4C7C-AE76-9FE142D5583D}.Release|Any CPU.Build.0 = Release|Any CPU
		{067B98DA-DD88-4C7C-AE76-9FE142D5583D}.Release|x86.ActiveCfg = Release|Any CPU
		{067B98DA-DD88-4C7C-AE76-9FE142D5583D}.Release|x86.Build.0 = Release|Any CPU
		{B9124A45-CB87-4179-B0C1-292FF9B22A3D}.Debug|Any CPU.ActiveCfg = Debug|Any CPU
		{B9124A45-CB87-4179-B0C1-292FF9B22A3D}.Debug|Any CPU.Build.0 = Debug|Any CPU
		{B9124A45-CB87-4179-B0C1-292FF9B22A3D}.Debug|x86.ActiveCfg = Debug|Any CPU
		{B9124A45-CB87-4179-B0C1-292FF9B22A3D}.Debug|x86.Build.0 = Debug|Any CPU
		{B9124A45-CB87-4179-B0C1-292FF9B22A3D}.Release|Any CPU.ActiveCfg = Release|Any CPU
		{B9124A45-CB87-4179-B0C1-292FF9B22A3D}.Release|Any CPU.Build.0 = Release|Any CPU
		{B9124A45-CB87-4179-B0C1-292FF9B22A3D}.Release|x86.ActiveCfg = Release|Any CPU
		{B9124A45-CB87-4179-B0C1-292FF9B22A3D}.Release|x86.Build.0 = Release|Any CPU
		{2E635091-B650-4B46-A702-FDDAA7CD5DF3}.Debug|Any CPU.ActiveCfg = Debug|Any CPU
		{2E635091-B650-4B46-A702-FDDAA7CD5DF3}.Debug|Any CPU.Build.0 = Debug|Any CPU
		{2E635091-B650-4B46-A702-FDDAA7CD5DF3}.Debug|x86.ActiveCfg = Debug|Any CPU
		{2E635091-B650-4B46-A702-FDDAA7CD5DF3}.Debug|x86.Build.0 = Debug|Any CPU
		{2E635091-B650-4B46-A702-FDDAA7CD5DF3}.Release|Any CPU.ActiveCfg = Release|Any CPU
		{2E635091-B650-4B46-A702-FDDAA7CD5DF3}.Release|Any CPU.Build.0 = Release|Any CPU
		{2E635091-B650-4B46-A702-FDDAA7CD5DF3}.Release|x86.ActiveCfg = Release|Any CPU
		{2E635091-B650-4B46-A702-FDDAA7CD5DF3}.Release|x86.Build.0 = Release|Any CPU
		{3048D42F-1956-4517-89B4-5ABA9D8FE8D6}.Debug|Any CPU.ActiveCfg = Debug|Any CPU
		{3048D42F-1956-4517-89B4-5ABA9D8FE8D6}.Debug|Any CPU.Build.0 = Debug|Any CPU
		{3048D42F-1956-4517-89B4-5ABA9D8FE8D6}.Debug|x86.ActiveCfg = Debug|Any CPU
		{3048D42F-1956-4517-89B4-5ABA9D8FE8D6}.Debug|x86.Build.0 = Debug|Any CPU
		{3048D42F-1956-4517-89B4-5ABA9D8FE8D6}.Release|Any CPU.ActiveCfg = Release|Any CPU
		{3048D42F-1956-4517-89B4-5ABA9D8FE8D6}.Release|Any CPU.Build.0 = Release|Any CPU
		{3048D42F-1956-4517-89B4-5ABA9D8FE8D6}.Release|x86.ActiveCfg = Release|Any CPU
		{3048D42F-1956-4517-89B4-5ABA9D8FE8D6}.Release|x86.Build.0 = Release|Any CPU
		{00FD370C-C19C-4480-9E11-3FB2093D2E48}.Debug|Any CPU.ActiveCfg = Debug|Any CPU
		{00FD370C-C19C-4480-9E11-3FB2093D2E48}.Debug|Any CPU.Build.0 = Debug|Any CPU
		{00FD370C-C19C-4480-9E11-3FB2093D2E48}.Debug|x86.ActiveCfg = Debug|Any CPU
		{00FD370C-C19C-4480-9E11-3FB2093D2E48}.Debug|x86.Build.0 = Debug|Any CPU
		{00FD370C-C19C-4480-9E11-3FB2093D2E48}.Release|Any CPU.ActiveCfg = Release|Any CPU
		{00FD370C-C19C-4480-9E11-3FB2093D2E48}.Release|Any CPU.Build.0 = Release|Any CPU
		{00FD370C-C19C-4480-9E11-3FB2093D2E48}.Release|x86.ActiveCfg = Release|Any CPU
		{00FD370C-C19C-4480-9E11-3FB2093D2E48}.Release|x86.Build.0 = Release|Any CPU
		{EA7953DE-3E75-402A-AE5A-704A7F3F8853}.Debug|Any CPU.ActiveCfg = Debug|Any CPU
		{EA7953DE-3E75-402A-AE5A-704A7F3F8853}.Debug|Any CPU.Build.0 = Debug|Any CPU
		{EA7953DE-3E75-402A-AE5A-704A7F3F8853}.Debug|x86.ActiveCfg = Debug|Any CPU
		{EA7953DE-3E75-402A-AE5A-704A7F3F8853}.Debug|x86.Build.0 = Debug|Any CPU
		{EA7953DE-3E75-402A-AE5A-704A7F3F8853}.Release|Any CPU.ActiveCfg = Release|Any CPU
		{EA7953DE-3E75-402A-AE5A-704A7F3F8853}.Release|Any CPU.Build.0 = Release|Any CPU
		{EA7953DE-3E75-402A-AE5A-704A7F3F8853}.Release|x86.ActiveCfg = Release|Any CPU
		{EA7953DE-3E75-402A-AE5A-704A7F3F8853}.Release|x86.Build.0 = Release|Any CPU
		{C80773B0-841A-42A1-8BC4-EC84681383B8}.Debug|Any CPU.ActiveCfg = Debug|Any CPU
		{C80773B0-841A-42A1-8BC4-EC84681383B8}.Debug|Any CPU.Build.0 = Debug|Any CPU
		{C80773B0-841A-42A1-8BC4-EC84681383B8}.Debug|x86.ActiveCfg = Debug|Any CPU
		{C80773B0-841A-42A1-8BC4-EC84681383B8}.Debug|x86.Build.0 = Debug|Any CPU
		{C80773B0-841A-42A1-8BC4-EC84681383B8}.Release|Any CPU.ActiveCfg = Release|Any CPU
		{C80773B0-841A-42A1-8BC4-EC84681383B8}.Release|Any CPU.Build.0 = Release|Any CPU
		{C80773B0-841A-42A1-8BC4-EC84681383B8}.Release|x86.ActiveCfg = Release|Any CPU
		{C80773B0-841A-42A1-8BC4-EC84681383B8}.Release|x86.Build.0 = Release|Any CPU
		{07DAC003-A85C-4D87-AAD5-42E25AF3A7CC}.Debug|Any CPU.ActiveCfg = Debug|Any CPU
		{07DAC003-A85C-4D87-AAD5-42E25AF3A7CC}.Debug|Any CPU.Build.0 = Debug|Any CPU
		{07DAC003-A85C-4D87-AAD5-42E25AF3A7CC}.Debug|x86.ActiveCfg = Debug|Any CPU
		{07DAC003-A85C-4D87-AAD5-42E25AF3A7CC}.Debug|x86.Build.0 = Debug|Any CPU
		{07DAC003-A85C-4D87-AAD5-42E25AF3A7CC}.Release|Any CPU.ActiveCfg = Release|Any CPU
		{07DAC003-A85C-4D87-AAD5-42E25AF3A7CC}.Release|Any CPU.Build.0 = Release|Any CPU
		{07DAC003-A85C-4D87-AAD5-42E25AF3A7CC}.Release|x86.ActiveCfg = Release|Any CPU
		{07DAC003-A85C-4D87-AAD5-42E25AF3A7CC}.Release|x86.Build.0 = Release|Any CPU
		{ECBA01F2-D835-4318-887D-5A746B1B8A13}.Debug|Any CPU.ActiveCfg = Debug|Any CPU
		{ECBA01F2-D835-4318-887D-5A746B1B8A13}.Debug|Any CPU.Build.0 = Debug|Any CPU
		{ECBA01F2-D835-4318-887D-5A746B1B8A13}.Debug|x86.ActiveCfg = Debug|Any CPU
		{ECBA01F2-D835-4318-887D-5A746B1B8A13}.Debug|x86.Build.0 = Debug|Any CPU
		{ECBA01F2-D835-4318-887D-5A746B1B8A13}.Release|Any CPU.ActiveCfg = Release|Any CPU
		{ECBA01F2-D835-4318-887D-5A746B1B8A13}.Release|Any CPU.Build.0 = Release|Any CPU
		{ECBA01F2-D835-4318-887D-5A746B1B8A13}.Release|x86.ActiveCfg = Release|Any CPU
		{ECBA01F2-D835-4318-887D-5A746B1B8A13}.Release|x86.Build.0 = Release|Any CPU
	EndGlobalSection
	GlobalSection(SolutionProperties) = preSolution
		HideSolutionNode = FALSE
	EndGlobalSection
	GlobalSection(NestedProjects) = preSolution
		{877B7CF8-0631-4001-8DBF-A405F8B78A93} = {706E5E75-0DF7-4212-851E-F510C2AF306A}
		{B2C991DE-2FA4-4A31-8C8D-AE3B2A1AA66C} = {40D49330-47D9-406D-BD08-D816497CF9F6}
		{ED5498B8-4FAA-4BEA-9F8C-D388A1AE0C47} = {6F28DF68-D50C-43FB-978E-4B24FA1B0BA9}
		{434C6C7A-CE1B-4B9C-8039-206655B83300} = {706E5E75-0DF7-4212-851E-F510C2AF306A}
		{C70F3373-07A8-49A3-BE03-513610F5B7BC} = {4A4F08A4-93D5-4F89-B43F-239B8E0FC3E2}
		{6976B69F-5FEE-47C9-9776-15115F3116CC} = {706E5E75-0DF7-4212-851E-F510C2AF306A}
		{3602A8DA-3C27-4D79-980B-0E48DE45BCBD} = {CAB6BA1D-8F32-4B2A-A5F6-1B150DDA4347}
		{759D58D2-528E-4CF9-AAFD-04EB2C8EC9DA} = {CAB6BA1D-8F32-4B2A-A5F6-1B150DDA4347}
		{5296FE80-5FA9-48B0-98A4-3E6EB8C2AE2C} = {759D58D2-528E-4CF9-AAFD-04EB2C8EC9DA}
		{DD6FD4A6-6FD4-40D4-BA0C-EB294813723D} = {6F28DF68-D50C-43FB-978E-4B24FA1B0BA9}
		{93F04962-89C5-46E8-9B07-5AE31B547B32} = {706E5E75-0DF7-4212-851E-F510C2AF306A}
		{99C18B1C-623C-4275-AA12-10B78030402B} = {CAB6BA1D-8F32-4B2A-A5F6-1B150DDA4347}
		{080A8742-BA72-4406-98F5-5FD671E3C221} = {99C18B1C-623C-4275-AA12-10B78030402B}
		{067B98DA-DD88-4C7C-AE76-9FE142D5583D} = {CAB6BA1D-8F32-4B2A-A5F6-1B150DDA4347}
		{B9124A45-CB87-4179-B0C1-292FF9B22A3D} = {BC87D838-929D-4E34-A578-2235B59FF2E8}
		{2E635091-B650-4B46-A702-FDDAA7CD5DF3} = {6F28DF68-D50C-43FB-978E-4B24FA1B0BA9}
		{3048D42F-1956-4517-89B4-5ABA9D8FE8D6} = {706E5E75-0DF7-4212-851E-F510C2AF306A}
		{3679D935-A843-4919-B666-0D073B7FE4F8} = {F0BB904A-CE33-4B39-8907-50E8C70E9CD7}
		{00FD370C-C19C-4480-9E11-3FB2093D2E48} = {3679D935-A843-4919-B666-0D073B7FE4F8}
		{EA7953DE-3E75-402A-AE5A-704A7F3F8853} = {6F28DF68-D50C-43FB-978E-4B24FA1B0BA9}
		{C80773B0-841A-42A1-8BC4-EC84681383B8} = {F0BB904A-CE33-4B39-8907-50E8C70E9CD7}
		{07DAC003-A85C-4D87-AAD5-42E25AF3A7CC} = {34ED675E-7902-4B54-8DF5-EBA694395D15}
		{ECBA01F2-D835-4318-887D-5A746B1B8A13} = {34ED675E-7902-4B54-8DF5-EBA694395D15}
	EndGlobalSection
	GlobalSection(ExtensibilityGlobals) = postSolution
		SolutionGuid = {8467594C-EFA8-44E7-A356-1CD4FB28487D}
	EndGlobalSection
EndGlobal
